
Microsoft Visual Studio Solution File, Format Version 12.00
# Visual Studio Version 17
VisualStudioVersion = 17.6.33829.357
MinimumVisualStudioVersion = 10.0.40219.1
Project("{FAE04EC0-301F-11D3-BF4B-00C04F79EFBC}") = "w3_9", "w3_9.csproj", "{434605DA-1706-47E8-A4CF-E76C9D81D74E}"
EndProject
Global
	GlobalSection(SolutionConfigurationPlatforms) = preSolution
		Debug|Any CPU = Debug|Any CPU
		Release|Any CPU = Release|Any CPU
	EndGlobalSection
	GlobalSection(ProjectConfigurationPlatforms) = postSolution
		{434605DA-1706-47E8-A4CF-E76C9D81D74E}.Debug|Any CPU.ActiveCfg = Debug|Any CPU
		{434605DA-1706-47E8-A4CF-E76C9D81D74E}.Debug|Any CPU.Build.0 = Debug|Any CPU
		{434605DA-1706-47E8-A4CF-E76C9D81D74E}.Release|Any CPU.ActiveCfg = Release|Any CPU
		{434605DA-1706-47E8-A4CF-E76C9D81D74E}.Release|Any CPU.Build.0 = Release|Any CPU
	EndGlobalSection
	GlobalSection(SolutionProperties) = preSolution
		HideSolutionNode = FALSE
	EndGlobalSection
	GlobalSection(ExtensibilityGlobals) = postSolution
		SolutionGuid = {59FD85C4-DC52-416F-9876-8A16BE43A633}
	EndGlobalSection
EndGlobal
