
Microsoft Visual Studio Solution File, Format Version 12.00
# Visual Studio Version 17
VisualStudioVersion = 17.6.33829.357
MinimumVisualStudioVersion = 10.0.40219.1
Project("{FAE04EC0-301F-11D3-BF4B-00C04F79EFBC}") = "wk3_2", "wk3_2.csproj", "{F2A49FDA-0147-4F47-A258-397FE375A4EE}"
EndProject
Project("{2150E333-8FDC-42A3-9474-1A3956D46DE8}") = "Solution Items", "Solution Items", "{19F8AF29-19B8-4E33-B165-EACA229A8719}"
EndProject
Global
	GlobalSection(SolutionConfigurationPlatforms) = preSolution
		Debug|Any CPU = Debug|Any CPU
		Release|Any CPU = Release|Any CPU
	EndGlobalSection
	GlobalSection(ProjectConfigurationPlatforms) = postSolution
		{F2A49FDA-0147-4F47-A258-397FE375A4EE}.Debug|Any CPU.ActiveCfg = Debug|Any CPU
		{F2A49FDA-0147-4F47-A258-397FE375A4EE}.Debug|Any CPU.Build.0 = Debug|Any CPU
		{F2A49FDA-0147-4F47-A258-397FE375A4EE}.Release|Any CPU.ActiveCfg = Release|Any CPU
		{F2A49FDA-0147-4F47-A258-397FE375A4EE}.Release|Any CPU.Build.0 = Release|Any CPU
	EndGlobalSection
	GlobalSection(SolutionProperties) = preSolution
		HideSolutionNode = FALSE
	EndGlobalSection
	GlobalSection(ExtensibilityGlobals) = postSolution
		SolutionGuid = {DFF3D12D-2BFD-4EB0-9EE9-997E1A5FD9E8}
	EndGlobalSection
EndGlobal
