
Microsoft Visual Studio Solution File, Format Version 12.00
# Visual Studio Version 17
VisualStudioVersion = 17.6.33829.357
MinimumVisualStudioVersion = 10.0.40219.1
Project("{FAE04EC0-301F-11D3-BF4B-00C04F79EFBC}") = "Console_Lab2_Exercise_03", "Console_Lab2_Exercise_03.csproj", "{7F23F2C1-9EAF-4727-84C6-F620E32ED924}"
EndProject
Global
	GlobalSection(SolutionConfigurationPlatforms) = preSolution
		Debug|Any CPU = Debug|Any CPU
		Release|Any CPU = Release|Any CPU
	EndGlobalSection
	GlobalSection(ProjectConfigurationPlatforms) = postSolution
		{7F23F2C1-9EAF-4727-84C6-F620E32ED924}.Debug|Any CPU.ActiveCfg = Debug|Any CPU
		{7F23F2C1-9EAF-4727-84C6-F620E32ED924}.Debug|Any CPU.Build.0 = Debug|Any CPU
		{7F23F2C1-9EAF-4727-84C6-F620E32ED924}.Release|Any CPU.ActiveCfg = Release|Any CPU
		{7F23F2C1-9EAF-4727-84C6-F620E32ED924}.Release|Any CPU.Build.0 = Release|Any CPU
	EndGlobalSection
	GlobalSection(SolutionProperties) = preSolution
		HideSolutionNode = FALSE
	EndGlobalSection
	GlobalSection(ExtensibilityGlobals) = postSolution
		SolutionGuid = {56FA637B-2B35-4CE3-B815-95A2EFB81686}
	EndGlobalSection
EndGlobal
