
Microsoft Visual Studio Solution File, Format Version 12.00
# Visual Studio Version 17
VisualStudioVersion = 17.6.33829.357
MinimumVisualStudioVersion = 10.0.40219.1
Project("{FAE04EC0-301F-11D3-BF4B-00C04F79EFBC}") = "WK3_3", "WK3_3.csproj", "{F86B4839-63BC-4DBF-8486-4D80807800AB}"
EndProject
Project("{FAE04EC0-301F-11D3-BF4B-00C04F79EFBC}") = "wk3_3_2", "..\wk3_3_2\wk3_3_2.csproj", "{69BAF013-FCBB-4726-9D7B-6FC5253F5CB8}"
EndProject
Global
	GlobalSection(SolutionConfigurationPlatforms) = preSolution
		Debug|Any CPU = Debug|Any CPU
		Release|Any CPU = Release|Any CPU
	EndGlobalSection
	GlobalSection(ProjectConfigurationPlatforms) = postSolution
		{F86B4839-63BC-4DBF-8486-4D80807800AB}.Debug|Any CPU.ActiveCfg = Debug|Any CPU
		{F86B4839-63BC-4DBF-8486-4D80807800AB}.Debug|Any CPU.Build.0 = Debug|Any CPU
		{F86B4839-63BC-4DBF-8486-4D80807800AB}.Release|Any CPU.ActiveCfg = Release|Any CPU
		{F86B4839-63BC-4DBF-8486-4D80807800AB}.Release|Any CPU.Build.0 = Release|Any CPU
		{69BAF013-FCBB-4726-9D7B-6FC5253F5CB8}.Debug|Any CPU.ActiveCfg = Debug|Any CPU
		{69BAF013-FCBB-4726-9D7B-6FC5253F5CB8}.Debug|Any CPU.Build.0 = Debug|Any CPU
		{69BAF013-FCBB-4726-9D7B-6FC5253F5CB8}.Release|Any CPU.ActiveCfg = Release|Any CPU
		{69BAF013-FCBB-4726-9D7B-6FC5253F5CB8}.Release|Any CPU.Build.0 = Release|Any CPU
	EndGlobalSection
	GlobalSection(SolutionProperties) = preSolution
		HideSolutionNode = FALSE
	EndGlobalSection
	GlobalSection(ExtensibilityGlobals) = postSolution
		SolutionGuid = {0ADFFBC2-3544-40B8-8F45-834534D81CFF}
	EndGlobalSection
EndGlobal
