
Microsoft Visual Studio Solution File, Format Version 12.00
# Visual Studio Version 17
VisualStudioVersion = 17.6.33829.357
MinimumVisualStudioVersion = 10.0.40219.1
Project("{FAE04EC0-301F-11D3-BF4B-00C04F79EFBC}") = "wk_4_7", "wk_4_7.csproj", "{FA4839FF-D242-4D9D-B02F-A44F9A2CD4FE}"
EndProject
Global
	GlobalSection(SolutionConfigurationPlatforms) = preSolution
		Debug|Any CPU = Debug|Any CPU
		Release|Any CPU = Release|Any CPU
	EndGlobalSection
	GlobalSection(ProjectConfigurationPlatforms) = postSolution
		{FA4839FF-D242-4D9D-B02F-A44F9A2CD4FE}.Debug|Any CPU.ActiveCfg = Debug|Any CPU
		{FA4839FF-D242-4D9D-B02F-A44F9A2CD4FE}.Debug|Any CPU.Build.0 = Debug|Any CPU
		{FA4839FF-D242-4D9D-B02F-A44F9A2CD4FE}.Release|Any CPU.ActiveCfg = Release|Any CPU
		{FA4839FF-D242-4D9D-B02F-A44F9A2CD4FE}.Release|Any CPU.Build.0 = Release|Any CPU
	EndGlobalSection
	GlobalSection(SolutionProperties) = preSolution
		HideSolutionNode = FALSE
	EndGlobalSection
	GlobalSection(ExtensibilityGlobals) = postSolution
		SolutionGuid = {C218A3C1-DE4F-4EEE-81B5-F80400C8555C}
	EndGlobalSection
EndGlobal
