
Microsoft Visual Studio Solution File, Format Version 12.00
# Visual Studio Version 17
VisualStudioVersion = 17.6.33829.357
MinimumVisualStudioVersion = 10.0.40219.1
Project("{FAE04EC0-301F-11D3-BF4B-00C04F79EFBC}") = "Console_Lab2_Exercise_05", "Console_Lab2_Exercise_05.csproj", "{9D6B1F30-FB8B-4841-8677-F2903D092963}"
EndProject
Global
	GlobalSection(SolutionConfigurationPlatforms) = preSolution
		Debug|Any CPU = Debug|Any CPU
		Release|Any CPU = Release|Any CPU
	EndGlobalSection
	GlobalSection(ProjectConfigurationPlatforms) = postSolution
		{9D6B1F30-FB8B-4841-8677-F2903D092963}.Debug|Any CPU.ActiveCfg = Debug|Any CPU
		{9D6B1F30-FB8B-4841-8677-F2903D092963}.Debug|Any CPU.Build.0 = Debug|Any CPU
		{9D6B1F30-FB8B-4841-8677-F2903D092963}.Release|Any CPU.ActiveCfg = Release|Any CPU
		{9D6B1F30-FB8B-4841-8677-F2903D092963}.Release|Any CPU.Build.0 = Release|Any CPU
	EndGlobalSection
	GlobalSection(SolutionProperties) = preSolution
		HideSolutionNode = FALSE
	EndGlobalSection
	GlobalSection(ExtensibilityGlobals) = postSolution
		SolutionGuid = {227F615C-CA82-4F45-AB0B-DACC79DFF876}
	EndGlobalSection
EndGlobal
