
Microsoft Visual Studio Solution File, Format Version 12.00
# Visual Studio Version 17
VisualStudioVersion = 17.6.33829.357
MinimumVisualStudioVersion = 10.0.40219.1
Project("{FAE04EC0-301F-11D3-BF4B-00C04F79EFBC}") = "wk3_5", "wk3_5.csproj", "{90F8C256-BD8E-4B12-8E28-AAE9B3050DAD}"
EndProject
Project("{FAE04EC0-301F-11D3-BF4B-00C04F79EFBC}") = "W3_5_2", "..\W3_5_2\W3_5_2.csproj", "{B73AE619-916F-46F2-997C-6B1278511A2A}"
EndProject
Project("{FAE04EC0-301F-11D3-BF4B-00C04F79EFBC}") = "wk3_5_2", "..\wk3_5_2\wk3_5_2.csproj", "{070C2F22-C9A0-49AE-8EBD-8FA3AD6A228B}"
EndProject
Global
	GlobalSection(SolutionConfigurationPlatforms) = preSolution
		Debug|Any CPU = Debug|Any CPU
		Release|Any CPU = Release|Any CPU
	EndGlobalSection
	GlobalSection(ProjectConfigurationPlatforms) = postSolution
		{90F8C256-BD8E-4B12-8E28-AAE9B3050DAD}.Debug|Any CPU.ActiveCfg = Debug|Any CPU
		{90F8C256-BD8E-4B12-8E28-AAE9B3050DAD}.Debug|Any CPU.Build.0 = Debug|Any CPU
		{90F8C256-BD8E-4B12-8E28-AAE9B3050DAD}.Release|Any CPU.ActiveCfg = Release|Any CPU
		{90F8C256-BD8E-4B12-8E28-AAE9B3050DAD}.Release|Any CPU.Build.0 = Release|Any CPU
		{B73AE619-916F-46F2-997C-6B1278511A2A}.Debug|Any CPU.ActiveCfg = Debug|Any CPU
		{B73AE619-916F-46F2-997C-6B1278511A2A}.Debug|Any CPU.Build.0 = Debug|Any CPU
		{B73AE619-916F-46F2-997C-6B1278511A2A}.Release|Any CPU.ActiveCfg = Release|Any CPU
		{B73AE619-916F-46F2-997C-6B1278511A2A}.Release|Any CPU.Build.0 = Release|Any CPU
		{070C2F22-C9A0-49AE-8EBD-8FA3AD6A228B}.Debug|Any CPU.ActiveCfg = Debug|Any CPU
		{070C2F22-C9A0-49AE-8EBD-8FA3AD6A228B}.Debug|Any CPU.Build.0 = Debug|Any CPU
		{070C2F22-C9A0-49AE-8EBD-8FA3AD6A228B}.Release|Any CPU.ActiveCfg = Release|Any CPU
		{070C2F22-C9A0-49AE-8EBD-8FA3AD6A228B}.Release|Any CPU.Build.0 = Release|Any CPU
	EndGlobalSection
	GlobalSection(SolutionProperties) = preSolution
		HideSolutionNode = FALSE
	EndGlobalSection
	GlobalSection(ExtensibilityGlobals) = postSolution
		SolutionGuid = {C6A54B0E-51EE-4F71-A54F-D77EF2BE8832}
	EndGlobalSection
EndGlobal
