
Microsoft Visual Studio Solution File, Format Version 12.00
# Visual Studio Version 17
VisualStudioVersion = 17.6.33829.357
MinimumVisualStudioVersion = 10.0.40219.1
Project("{FAE04EC0-301F-11D3-BF4B-00C04F79EFBC}") = "wk_4_5", "wk_4_5.csproj", "{CCAEA52B-FFAA-49C9-AAF8-566E4C14E21D}"
EndProject
Global
	GlobalSection(SolutionConfigurationPlatforms) = preSolution
		Debug|Any CPU = Debug|Any CPU
		Release|Any CPU = Release|Any CPU
	EndGlobalSection
	GlobalSection(ProjectConfigurationPlatforms) = postSolution
		{CCAEA52B-FFAA-49C9-AAF8-566E4C14E21D}.Debug|Any CPU.ActiveCfg = Debug|Any CPU
		{CCAEA52B-FFAA-49C9-AAF8-566E4C14E21D}.Debug|Any CPU.Build.0 = Debug|Any CPU
		{CCAEA52B-FFAA-49C9-AAF8-566E4C14E21D}.Release|Any CPU.ActiveCfg = Release|Any CPU
		{CCAEA52B-FFAA-49C9-AAF8-566E4C14E21D}.Release|Any CPU.Build.0 = Release|Any CPU
	EndGlobalSection
	GlobalSection(SolutionProperties) = preSolution
		HideSolutionNode = FALSE
	EndGlobalSection
	GlobalSection(ExtensibilityGlobals) = postSolution
		SolutionGuid = {2F05744C-1B20-417E-85DD-C553ACA261A7}
	EndGlobalSection
EndGlobal
