
Microsoft Visual Studio Solution File, Format Version 12.00
# Visual Studio Version 17
VisualStudioVersion = 17.6.33829.357
MinimumVisualStudioVersion = 10.0.40219.1
Project("{FAE04EC0-301F-11D3-BF4B-00C04F79EFBC}") = "wk_4_9", "wk_4_9.csproj", "{FF5CB183-DD1C-42D5-83B2-2C55B12007CA}"
EndProject
Global
	GlobalSection(SolutionConfigurationPlatforms) = preSolution
		Debug|Any CPU = Debug|Any CPU
		Release|Any CPU = Release|Any CPU
	EndGlobalSection
	GlobalSection(ProjectConfigurationPlatforms) = postSolution
		{FF5CB183-DD1C-42D5-83B2-2C55B12007CA}.Debug|Any CPU.ActiveCfg = Debug|Any CPU
		{FF5CB183-DD1C-42D5-83B2-2C55B12007CA}.Debug|Any CPU.Build.0 = Debug|Any CPU
		{FF5CB183-DD1C-42D5-83B2-2C55B12007CA}.Release|Any CPU.ActiveCfg = Release|Any CPU
		{FF5CB183-DD1C-42D5-83B2-2C55B12007CA}.Release|Any CPU.Build.0 = Release|Any CPU
	EndGlobalSection
	GlobalSection(SolutionProperties) = preSolution
		HideSolutionNode = FALSE
	EndGlobalSection
	GlobalSection(ExtensibilityGlobals) = postSolution
		SolutionGuid = {AE96D574-E4E4-4D01-93A2-FEABB4169A46}
	EndGlobalSection
EndGlobal
