
Microsoft Visual Studio Solution File, Format Version 12.00
# Visual Studio Version 17
VisualStudioVersion = 17.6.33829.357
MinimumVisualStudioVersion = 10.0.40219.1
Project("{FAE04EC0-301F-11D3-BF4B-00C04F79EFBC}") = "wk4_2", "wk4_2.csproj", "{40D4EA65-FD77-41DD-8F02-8D28BEFC5BFC}"
EndProject
Global
	GlobalSection(SolutionConfigurationPlatforms) = preSolution
		Debug|Any CPU = Debug|Any CPU
		Release|Any CPU = Release|Any CPU
	EndGlobalSection
	GlobalSection(ProjectConfigurationPlatforms) = postSolution
		{40D4EA65-FD77-41DD-8F02-8D28BEFC5BFC}.Debug|Any CPU.ActiveCfg = Debug|Any CPU
		{40D4EA65-FD77-41DD-8F02-8D28BEFC5BFC}.Debug|Any CPU.Build.0 = Debug|Any CPU
		{40D4EA65-FD77-41DD-8F02-8D28BEFC5BFC}.Release|Any CPU.ActiveCfg = Release|Any CPU
		{40D4EA65-FD77-41DD-8F02-8D28BEFC5BFC}.Release|Any CPU.Build.0 = Release|Any CPU
	EndGlobalSection
	GlobalSection(SolutionProperties) = preSolution
		HideSolutionNode = FALSE
	EndGlobalSection
	GlobalSection(ExtensibilityGlobals) = postSolution
		SolutionGuid = {D5687962-569F-495F-BD79-CB1E59EC889D}
	EndGlobalSection
EndGlobal
