
Microsoft Visual Studio Solution File, Format Version 12.00
# Visual Studio Version 17
VisualStudioVersion = 17.6.33829.357
MinimumVisualStudioVersion = 10.0.40219.1
Project("{FAE04EC0-301F-11D3-BF4B-00C04F79EFBC}") = "wk_4_1", "wk_4_1.csproj", "{B576D300-5CDF-41F9-9878-CB24F3F1C4E7}"
EndProject
Global
	GlobalSection(SolutionConfigurationPlatforms) = preSolution
		Debug|Any CPU = Debug|Any CPU
		Release|Any CPU = Release|Any CPU
	EndGlobalSection
	GlobalSection(ProjectConfigurationPlatforms) = postSolution
		{B576D300-5CDF-41F9-9878-CB24F3F1C4E7}.Debug|Any CPU.ActiveCfg = Debug|Any CPU
		{B576D300-5CDF-41F9-9878-CB24F3F1C4E7}.Debug|Any CPU.Build.0 = Debug|Any CPU
		{B576D300-5CDF-41F9-9878-CB24F3F1C4E7}.Release|Any CPU.ActiveCfg = Release|Any CPU
		{B576D300-5CDF-41F9-9878-CB24F3F1C4E7}.Release|Any CPU.Build.0 = Release|Any CPU
	EndGlobalSection
	GlobalSection(SolutionProperties) = preSolution
		HideSolutionNode = FALSE
	EndGlobalSection
	GlobalSection(ExtensibilityGlobals) = postSolution
		SolutionGuid = {C372442A-E6D3-41C0-A869-FCBA5800615D}
	EndGlobalSection
EndGlobal
